schema: '2.0'
stages:
  prepare:
    cmd: python prepare.py
    deps:
    - path: data/train.csv
      hash: md5
      md5: 6dd21096a9461dde61f8a245001c5ee1
      size: 16587
    - path: prepare.py
      hash: md5
      md5: 050469091e9aaa9218a3f34a3ffcd650
      size: 3045
    outs:
    - path: data/prepared.csv
      hash: md5
      md5: 0dae78424fb3bb387d39525014495de7
      size: 22195
  train:
    cmd: python train.py
    deps:
    - path: data/prepared.csv
      hash: md5
      md5: 0dae78424fb3bb387d39525014495de7
      size: 22195
    - path: params.yaml
      hash: md5
      md5: df88ced1c2570ad6c07e3b6cc231bfc4
      size: 2263
    - path: train.py
      hash: md5
      md5: 32fd9fcd6e8e74c3eec320884847815d
      size: 6589
    params:
      params.yaml:
        data.random_state: 44
        data.test_size: 0.2
        model.hyperparams:
          n_estimators: 100
          bootstrap: true
          n_jobs: -1
          random_state: 42
          max_depth:
          min_samples_split: 2
          min_samples_leaf: 1
          max_leaf_nodes:
          max_features: 1.0
          min_weight_fraction_leaf: 0.0
          min_impurity_decrease: 0.0
          ccp_alpha: 0.0
          max_samples: 5
        validation:
          oob_score: false
          verbose: 0
          warm_start: false
    outs:
    - path: metrics.json
      hash: md5
      md5: 298dde8f6f647747b7eed34c2bb3cde8
      size: 27
    - path: model.pkl
      hash: md5
      md5: a3d80654285871f52c648eefa8193632
      size: 96389
