schema: '2.0'
stages:
  preprocess:
    cmd: poetry run python src/preprocess.py data/raw/train.csv 
      data/processed/train_processed.csv
    deps:
    - path: data/raw/train.csv
      hash: md5
      md5: 6dd21096a9461dde61f8a245001c5ee1
      size: 16587
    - path: src/preprocess.py
      hash: md5
      md5: 64a5ebf9aee5628ac1a7705728afab87
      size: 527
    outs:
    - path: data/processed/train_processed.csv
      hash: md5
      md5: ddd4954cb8fda4144da94673672dd615
      size: 22130
  train:
    cmd: poetry run python src/train.py data/processed/train_processed.csv 
      src/params.yaml
    deps:
    - path: data/processed/train_processed.csv
      hash: md5
      md5: 6efca9ff4e4aeaa4c3c19a0f182a1c1d
      size: 22830
    - path: src/train.py
      hash: md5
      md5: 849fe03d3044e66702b0f0f8288bf16c
      size: 5341
  evaluate:
    cmd: poetry run python src/evaluate.py data/processed/train_processed.csv
    deps:
    - path: data/processed/train_processed.csv
      hash: md5
      md5: 6efca9ff4e4aeaa4c3c19a0f182a1c1d
      size: 22830
    - path: src/evaluate.py
      hash: md5
      md5: bb40ed8cb4eabaf009649587e12202ad
      size: 449
