schema: '2.0'
stages:
  prepare:
    cmd: python src/data/prepare.py
    deps:
    - path: data/train.csv
      hash: md5
      md5: 6dd21096a9461dde61f8a245001c5ee1
      size: 16587
    - path: src/data/prepare.py
      hash: md5
      md5: 0521e91693e20cb8780597f221a42e26
      size: 1423
    outs:
    - path: data/prepared.csv
      hash: md5
      md5: 0dae78424fb3bb387d39525014495de7
      size: 22195
  train:
    cmd: python src/services/train.py
    deps:
    - path: data/prepared.csv
      hash: md5
      md5: 0dae78424fb3bb387d39525014495de7
      size: 22195
    - path: params.yaml
      hash: md5
      md5: 88802ee83115d0007715aceff53cab83
      size: 2263
    - path: src/services/train.py
      hash: md5
      md5: 547a792ab8a81655adeb2b02519ce5e3
      size: 3775
    params:
      params.yaml:
        data.random_state: 45
        data.test_size: 0.2
        model.hyperparams:
          n_estimators: 100
          bootstrap: true
          n_jobs: -1
          random_state: 42
          max_depth:
          min_samples_split: 2
          min_samples_leaf: 1
          max_leaf_nodes:
          max_features: 1.0
          min_weight_fraction_leaf: 0.0
          min_impurity_decrease: 0.0
          ccp_alpha: 0.0
          max_samples: 5
        validation:
          oob_score: false
          verbose: 0
          warm_start: false
    outs:
    - path: metrics.json
      hash: md5
      md5: b4fc87fad5e6d041af4eab487d0eb13f
      size: 34
    - path: model.pkl
      hash: md5
      md5: 0f4f9303289d659782b07a7589834872
      size: 88586
